lockfileVersion: 5.4

specifiers:
  '@types/node': ^18.15.5
  typescript: ^5.0.2

devDependencies:
  '@types/node': 18.15.5
  typescript: 5.0.2

packages:

  /@types/node/18.15.5:
    resolution: {integrity: sha512-Ark2WDjjZO7GmvsyFFf81MXuGTA/d6oP38anyxWOL6EREyBKAxKoFHwBhaZxCfLRLpO8JgVXwqOwSwa7jRcjew==}
    dev: true

  /typescript/5.0.2:
    resolution: {integrity: sha512-wVORMBGO/FAs/++blGNeAVdbNKtIh1rbBL2EyQ1+J9lClJ93KiiKe8PmFIVdXhHcyv44SL9oglmfeSsndo0jRw==}
    engines: {node: '>=12.20'}
    hasBin: true
    dev: true
